// !$*UTF8*$!
{
	archiveVersion = 1;
	classes = {
	};
	objectVersion = 77;
	objects = {

/* Begin PBXBuildFile section */
		8BC00B4B2CBAEC3300F46BE6 /* Statistic.swift in Sources */ = {isa = PBXBuildFile; fileRef = 8BC00B252CBAEC3300F46BE6 /* Statistic.swift */; };
		8BC00B4C2CBAEC3300F46BE6 /* DeviceViewModel.swift in Sources */ = {isa = PBXBuildFile; fileRef = 8BC00B332CBAEC3300F46BE6 /* DeviceViewModel.swift */; };
		8BC00B4D2CBAEC3300F46BE6 /* Enums.swift in Sources */ = {isa = PBXBuildFile; fileRef = 8BC00B232CBAEC3300F46BE6 /* Enums.swift */; };
		8BC00B4E2CBAEC3300F46BE6 /* AlexaService.swift in Sources */ = {isa = PBXBuildFile; fileRef = 8BC00B292CBAEC3300F46BE6 /* AlexaService.swift */; };
		8BC00B4F2CBAEC3300F46BE6 /* DeviceControlView.swift in Sources */ = {isa = PBXBuildFile; fileRef = 8BC00B3C2CBAEC3300F46BE6 /* DeviceControlView.swift */; };
		8BC00B502CBAEC3300F46BE6 /* TaskItem.swift in Sources */ = {isa = PBXBuildFile; fileRef = 8BC00B262CBAEC3300F46BE6 /* TaskItem.swift */; };
		8BC00B512CBAEC3300F46BE6 /* AddToShoppingListIntentHandler.swift in Sources */ = {isa = PBXBuildFile; fileRef = 8BC00B1E2CBAEC3300F46BE6 /* AddToShoppingListIntentHandler.swift */; };
		8BC00B522CBAEC3300F46BE6 /* UserDetailView.swift in Sources */ = {isa = PBXBuildFile; fileRef = 8BC00B472CBAEC3300F46BE6 /* UserDetailView.swift */; };
		8BC00B532CBAEC3300F46BE6 /* CalendarViewModel.swift in Sources */ = {isa = PBXBuildFile; fileRef = 8BC00B322CBAEC3300F46BE6 /* CalendarViewModel.swift */; };
		8BC00B542CBAEC3300F46BE6 /* IntentDefinitions.intentdefinition in Sources */ = {isa = PBXBuildFile; fileRef = 8BC00B1F2CBAEC3300F46BE6 /* IntentDefinitions.intentdefinition */; };
		8BC00B562CBAEC3300F46BE6 /* ShoppingViewModel.swift in Sources */ = {isa = PBXBuildFile; fileRef = 8BC00B342CBAEC3300F46BE6 /* ShoppingViewModel.swift */; };
		8BC00B572CBAEC3300F46BE6 /* ShoppingDetailView.swift in Sources */ = {isa = PBXBuildFile; fileRef = 8BC00B3F2CBAEC3300F46BE6 /* ShoppingDetailView.swift */; };
		8BC00B582CBAEC3300F46BE6 /* CalendarDetailView.swift in Sources */ = {isa = PBXBuildFile; fileRef = 8BC00B392CBAEC3300F46BE6 /* CalendarDetailView.swift */; };
		8BC00B592CBAEC3300F46BE6 /* StatisticsService.swift in Sources */ = {isa = PBXBuildFile; fileRef = 8BC00B2E2CBAEC3300F46BE6 /* StatisticsService.swift */; };
		8BC00B5A2CBAEC3300F46BE6 /* UserListView.swift in Sources */ = {isa = PBXBuildFile; fileRef = 8BC00B482CBAEC3300F46BE6 /* UserListView.swift */; };
		8BC00B5B2CBAEC3300F46BE6 /* StatisticView.swift in Sources */ = {isa = PBXBuildFile; fileRef = 8BC00B422CBAEC3300F46BE6 /* StatisticView.swift */; };
		8BC00B5C2CBAEC3300F46BE6 /* Device.swift in Sources */ = {isa = PBXBuildFile; fileRef = 8BC00B222CBAEC3300F46BE6 /* Device.swift */; };
		8BC00B5E2CBAEC3300F46BE6 /* ShoppingItem.swift in Sources */ = {isa = PBXBuildFile; fileRef = 8BC00B242CBAEC3300F46BE6 /* ShoppingItem.swift */; };
		8BC00B5F2CBAEC3300F46BE6 /* TaskViewModel.swift in Sources */ = {isa = PBXBuildFile; fileRef = 8BC00B362CBAEC3300F46BE6 /* TaskViewModel.swift */; };
		8BC00B602CBAEC3300F46BE6 /* TaskRowView.swift in Sources */ = {isa = PBXBuildFile; fileRef = 8BC00B442CBAEC3300F46BE6 /* TaskRowView.swift */; };
		8BC00B612CBAEC3300F46BE6 /* StatisticViewModel.swift in Sources */ = {isa = PBXBuildFile; fileRef = 8BC00B352CBAEC3300F46BE6 /* StatisticViewModel.swift */; };
		8BC00B622CBAEC3300F46BE6 /* CalendarService.swift in Sources */ = {isa = PBXBuildFile; fileRef = 8BC00B2A2CBAEC3300F46BE6 /* CalendarService.swift */; };
		8BC00B632CBAEC3300F46BE6 /* NotificationService.swift in Sources */ = {isa = PBXBuildFile; fileRef = 8BC00B2C2CBAEC3300F46BE6 /* NotificationService.swift */; };
		8BC00B642CBAEC3300F46BE6 /* ShoppingListView.swift in Sources */ = {isa = PBXBuildFile; fileRef = 8BC00B402CBAEC3300F46BE6 /* ShoppingListView.swift */; };
		8BC00B652CBAEC3300F46BE6 /* UserViewModel.swift in Sources */ = {isa = PBXBuildFile; fileRef = 8BC00B372CBAEC3300F46BE6 /* UserViewModel.swift */; };
		8BC00B662CBAEC3300F46BE6 /* DateFormatter.swift in Sources */ = {isa = PBXBuildFile; fileRef = 8BC00B302CBAEC3300F46BE6 /* DateFormatter.swift */; };
		8BC00B672CBAEC3300F46BE6 /* CalendarListView.swift in Sources */ = {isa = PBXBuildFile; fileRef = 8BC00B3A2CBAEC3300F46BE6 /* CalendarListView.swift */; };
		8BC00B682CBAEC3300F46BE6 /* TaskListView.swift in Sources */ = {isa = PBXBuildFile; fileRef = 8BC00B452CBAEC3300F46BE6 /* TaskListView.swift */; };
		8BC00B692CBAEC3300F46BE6 /* HomeKitService.swift in Sources */ = {isa = PBXBuildFile; fileRef = 8BC00B2B2CBAEC3300F46BE6 /* HomeKitService.swift */; };
		8BC00B6A2CBAEC3300F46BE6 /* DeviceListView.swift in Sources */ = {isa = PBXBuildFile; fileRef = 8BC00B3D2CBAEC3300F46BE6 /* DeviceListView.swift */; };
		8BC00B6B2CBAEC3300F46BE6 /* User.swift in Sources */ = {isa = PBXBuildFile; fileRef = 8BC00B272CBAEC3300F46BE6 /* User.swift */; };
		8BC00B6D2CBAEC3300F46BE6 /* ShoppingService.swift in Sources */ = {isa = PBXBuildFile; fileRef = 8BC00B2D2CBAEC3300F46BE6 /* ShoppingService.swift */; };
		8BC00B6E2CBAEC3300F46BE6 /* CalendarEvent.swift in Sources */ = {isa = PBXBuildFile; fileRef = 8BC00B212CBAEC3300F46BE6 /* CalendarEvent.swift */; };
		8BC00B702CBAF72F00F46BE6 /* FirestoreService.swift in Sources */ = {isa = PBXBuildFile; fileRef = 8BC00B6F2CBAF72900F46BE6 /* FirestoreService.swift */; };
		8BC00B842CBB00AD00F46BE6 /* FirebaseAnalytics in Frameworks */ = {isa = PBXBuildFile; productRef = 8BC00B832CBB00AD00F46BE6 /* FirebaseAnalytics */; };
		8BC00B862CBB00AD00F46BE6 /* FirebaseAnalyticsOnDeviceConversion in Frameworks */ = {isa = PBXBuildFile; productRef = 8BC00B852CBB00AD00F46BE6 /* FirebaseAnalyticsOnDeviceConversion */; };
		8BC00B882CBB00AD00F46BE6 /* FirebaseAnalyticsWithoutAdIdSupport in Frameworks */ = {isa = PBXBuildFile; productRef = 8BC00B872CBB00AD00F46BE6 /* FirebaseAnalyticsWithoutAdIdSupport */; };
		8BC00B8A2CBB00AD00F46BE6 /* FirebaseAppCheck in Frameworks */ = {isa = PBXBuildFile; productRef = 8BC00B892CBB00AD00F46BE6 /* FirebaseAppCheck */; };
		8BC00B8C2CBB00AD00F46BE6 /* FirebaseAppDistribution-Beta in Frameworks */ = {isa = PBXBuildFile; productRef = 8BC00B8B2CBB00AD00F46BE6 /* FirebaseAppDistribution-Beta */; };
		8BC00B8E2CBB00AD00F46BE6 /* FirebaseAuth in Frameworks */ = {isa = PBXBuildFile; productRef = 8BC00B8D2CBB00AD00F46BE6 /* FirebaseAuth */; };
		8BC00B902CBB00AD00F46BE6 /* FirebaseAuthCombine-Community in Frameworks */ = {isa = PBXBuildFile; productRef = 8BC00B8F2CBB00AD00F46BE6 /* FirebaseAuthCombine-Community */; };
		8BC00B922CBB00AE00F46BE6 /* FirebaseCore in Frameworks */ = {isa = PBXBuildFile; productRef = 8BC00B912CBB00AD00F46BE6 /* FirebaseCore */; };
		8BC00B942CBB00AE00F46BE6 /* FirebaseCrashlytics in Frameworks */ = {isa = PBXBuildFile; productRef = 8BC00B932CBB00AE00F46BE6 /* FirebaseCrashlytics */; };
		8BC00B962CBB00AE00F46BE6 /* FirebaseDatabase in Frameworks */ = {isa = PBXBuildFile; productRef = 8BC00B952CBB00AE00F46BE6 /* FirebaseDatabase */; };
		8BC00B982CBB00AE00F46BE6 /* FirebaseDynamicLinks in Frameworks */ = {isa = PBXBuildFile; productRef = 8BC00B972CBB00AE00F46BE6 /* FirebaseDynamicLinks */; };
		8BC00B9A2CBB00AE00F46BE6 /* FirebaseFirestore in Frameworks */ = {isa = PBXBuildFile; productRef = 8BC00B992CBB00AE00F46BE6 /* FirebaseFirestore */; };
		8BC00B9C2CBB00AE00F46BE6 /* FirebaseFirestoreCombine-Community in Frameworks */ = {isa = PBXBuildFile; productRef = 8BC00B9B2CBB00AE00F46BE6 /* FirebaseFirestoreCombine-Community */; };
		8BC00B9E2CBB00AE00F46BE6 /* FirebaseFunctions in Frameworks */ = {isa = PBXBuildFile; productRef = 8BC00B9D2CBB00AE00F46BE6 /* FirebaseFunctions */; };
		8BC00BA02CBB00AE00F46BE6 /* FirebaseFunctionsCombine-Community in Frameworks */ = {isa = PBXBuildFile; productRef = 8BC00B9F2CBB00AE00F46BE6 /* FirebaseFunctionsCombine-Community */; };
		8BC00BA22CBB00AE00F46BE6 /* FirebaseInAppMessaging-Beta in Frameworks */ = {isa = PBXBuildFile; productRef = 8BC00BA12CBB00AE00F46BE6 /* FirebaseInAppMessaging-Beta */; };
		8BC00BA42CBB00AE00F46BE6 /* FirebaseInstallations in Frameworks */ = {isa = PBXBuildFile; productRef = 8BC00BA32CBB00AE00F46BE6 /* FirebaseInstallations */; };
		8BC00BA62CBB00AE00F46BE6 /* FirebaseMLModelDownloader in Frameworks */ = {isa = PBXBuildFile; productRef = 8BC00BA52CBB00AE00F46BE6 /* FirebaseMLModelDownloader */; };
		8BC00BA82CBB00AE00F46BE6 /* FirebaseMessaging in Frameworks */ = {isa = PBXBuildFile; productRef = 8BC00BA72CBB00AE00F46BE6 /* FirebaseMessaging */; };
		8BC00BAA2CBB00AE00F46BE6 /* FirebasePerformance in Frameworks */ = {isa = PBXBuildFile; productRef = 8BC00BA92CBB00AE00F46BE6 /* FirebasePerformance */; };
		8BC00BAC2CBB00AE00F46BE6 /* FirebaseRemoteConfig in Frameworks */ = {isa = PBXBuildFile; productRef = 8BC00BAB2CBB00AE00F46BE6 /* FirebaseRemoteConfig */; };
		8BC00BAE2CBB00AE00F46BE6 /* FirebaseStorage in Frameworks */ = {isa = PBXBuildFile; productRef = 8BC00BAD2CBB00AE00F46BE6 /* FirebaseStorage */; };
		8BC00BB02CBB00AE00F46BE6 /* FirebaseStorageCombine-Community in Frameworks */ = {isa = PBXBuildFile; productRef = 8BC00BAF2CBB00AE00F46BE6 /* FirebaseStorageCombine-Community */; };
		8BC00BB22CBB00AE00F46BE6 /* FirebaseVertexAI-Preview in Frameworks */ = {isa = PBXBuildFile; productRef = 8BC00BB12CBB00AE00F46BE6 /* FirebaseVertexAI-Preview */; };
		8BC00BB42CBB088600F46BE6 /* FirebaseAuthService.swift in Sources */ = {isa = PBXBuildFile; fileRef = 8BC00BB32CBB088400F46BE6 /* FirebaseAuthService.swift */; };
/* End PBXBuildFile section */

/* Begin PBXContainerItemProxy section */
		8BC00AFE2CB7EA2500F46BE6 /* PBXContainerItemProxy */ = {
			isa = PBXContainerItemProxy;
			containerPortal = 8BC00AE32CB7EA2100F46BE6 /* Project object */;
			proxyType = 1;
			remoteGlobalIDString = 8BC00AEA2CB7EA2100F46BE6;
			remoteInfo = EyFamily;
		};
		8BC00B082CB7EA2500F46BE6 /* PBXContainerItemProxy */ = {
			isa = PBXContainerItemProxy;
			containerPortal = 8BC00AE32CB7EA2100F46BE6 /* Project object */;
			proxyType = 1;
			remoteGlobalIDString = 8BC00AEA2CB7EA2100F46BE6;
			remoteInfo = EyFamily;
		};
/* End PBXContainerItemProxy section */

/* Begin PBXFileReference section */
		8BC00AEB2CB7EA2100F46BE6 /* EyFamily.app */ = {isa = PBXFileReference; explicitFileType = wrapper.application; includeInIndex = 0; path = EyFamily.app; sourceTree = BUILT_PRODUCTS_DIR; };
		8BC00AFD2CB7EA2500F46BE6 /* EyFamilyTests.xctest */ = {isa = PBXFileReference; explicitFileType = wrapper.cfbundle; includeInIndex = 0; path = EyFamilyTests.xctest; sourceTree = BUILT_PRODUCTS_DIR; };
		8BC00B072CB7EA2500F46BE6 /* EyFamilyUITests.xctest */ = {isa = PBXFileReference; explicitFileType = wrapper.cfbundle; includeInIndex = 0; path = EyFamilyUITests.xctest; sourceTree = BUILT_PRODUCTS_DIR; };
		8BC00B1E2CBAEC3300F46BE6 /* AddToShoppingListIntentHandler.swift */ = {isa = PBXFileReference; lastKnownFileType = sourcecode.swift; path = AddToShoppingListIntentHandler.swift; sourceTree = "<group>"; };
		8BC00B1F2CBAEC3300F46BE6 /* IntentDefinitions.intentdefinition */ = {isa = PBXFileReference; lastKnownFileType = file.intentdefinition; path = IntentDefinitions.intentdefinition; sourceTree = "<group>"; };
		8BC00B212CBAEC3300F46BE6 /* CalendarEvent.swift */ = {isa = PBXFileReference; lastKnownFileType = sourcecode.swift; path = CalendarEvent.swift; sourceTree = "<group>"; };
		8BC00B222CBAEC3300F46BE6 /* Device.swift */ = {isa = PBXFileReference; lastKnownFileType = sourcecode.swift; path = Device.swift; sourceTree = "<group>"; };
		8BC00B232CBAEC3300F46BE6 /* Enums.swift */ = {isa = PBXFileReference; lastKnownFileType = sourcecode.swift; path = Enums.swift; sourceTree = "<group>"; };
		8BC00B242CBAEC3300F46BE6 /* ShoppingItem.swift */ = {isa = PBXFileReference; lastKnownFileType = sourcecode.swift; path = ShoppingItem.swift; sourceTree = "<group>"; };
		8BC00B252CBAEC3300F46BE6 /* Statistic.swift */ = {isa = PBXFileReference; lastKnownFileType = sourcecode.swift; path = Statistic.swift; sourceTree = "<group>"; };
		8BC00B262CBAEC3300F46BE6 /* TaskItem.swift */ = {isa = PBXFileReference; lastKnownFileType = sourcecode.swift; path = TaskItem.swift; sourceTree = "<group>"; };
		8BC00B272CBAEC3300F46BE6 /* User.swift */ = {isa = PBXFileReference; lastKnownFileType = sourcecode.swift; path = User.swift; sourceTree = "<group>"; };
		8BC00B292CBAEC3300F46BE6 /* AlexaService.swift */ = {isa = PBXFileReference; lastKnownFileType = sourcecode.swift; path = AlexaService.swift; sourceTree = "<group>"; };
		8BC00B2A2CBAEC3300F46BE6 /* CalendarService.swift */ = {isa = PBXFileReference; lastKnownFileType = sourcecode.swift; path = CalendarService.swift; sourceTree = "<group>"; };
		8BC00B2B2CBAEC3300F46BE6 /* HomeKitService.swift */ = {isa = PBXFileReference; lastKnownFileType = sourcecode.swift; path = HomeKitService.swift; sourceTree = "<group>"; };
		8BC00B2C2CBAEC3300F46BE6 /* NotificationService.swift */ = {isa = PBXFileReference; lastKnownFileType = sourcecode.swift; path = NotificationService.swift; sourceTree = "<group>"; };
		8BC00B2D2CBAEC3300F46BE6 /* ShoppingService.swift */ = {isa = PBXFileReference; lastKnownFileType = sourcecode.swift; path = ShoppingService.swift; sourceTree = "<group>"; };
		8BC00B2E2CBAEC3300F46BE6 /* StatisticsService.swift */ = {isa = PBXFileReference; lastKnownFileType = sourcecode.swift; path = StatisticsService.swift; sourceTree = "<group>"; };
		8BC00B302CBAEC3300F46BE6 /* DateFormatter.swift */ = {isa = PBXFileReference; lastKnownFileType = sourcecode.swift; path = DateFormatter.swift; sourceTree = "<group>"; };
		8BC00B322CBAEC3300F46BE6 /* CalendarViewModel.swift */ = {isa = PBXFileReference; lastKnownFileType = sourcecode.swift; path = CalendarViewModel.swift; sourceTree = "<group>"; };
		8BC00B332CBAEC3300F46BE6 /* DeviceViewModel.swift */ = {isa = PBXFileReference; lastKnownFileType = sourcecode.swift; path = DeviceViewModel.swift; sourceTree = "<group>"; };
		8BC00B342CBAEC3300F46BE6 /* ShoppingViewModel.swift */ = {isa = PBXFileReference; lastKnownFileType = sourcecode.swift; path = ShoppingViewModel.swift; sourceTree = "<group>"; };
		8BC00B352CBAEC3300F46BE6 /* StatisticViewModel.swift */ = {isa = PBXFileReference; lastKnownFileType = sourcecode.swift; path = StatisticViewModel.swift; sourceTree = "<group>"; };
		8BC00B362CBAEC3300F46BE6 /* TaskViewModel.swift */ = {isa = PBXFileReference; lastKnownFileType = sourcecode.swift; path = TaskViewModel.swift; sourceTree = "<group>"; };
		8BC00B372CBAEC3300F46BE6 /* UserViewModel.swift */ = {isa = PBXFileReference; lastKnownFileType = sourcecode.swift; path = UserViewModel.swift; sourceTree = "<group>"; };
		8BC00B392CBAEC3300F46BE6 /* CalendarDetailView.swift */ = {isa = PBXFileReference; lastKnownFileType = sourcecode.swift; path = CalendarDetailView.swift; sourceTree = "<group>"; };
		8BC00B3A2CBAEC3300F46BE6 /* CalendarListView.swift */ = {isa = PBXFileReference; lastKnownFileType = sourcecode.swift; path = CalendarListView.swift; sourceTree = "<group>"; };
		8BC00B3C2CBAEC3300F46BE6 /* DeviceControlView.swift */ = {isa = PBXFileReference; lastKnownFileType = sourcecode.swift; path = DeviceControlView.swift; sourceTree = "<group>"; };
		8BC00B3D2CBAEC3300F46BE6 /* DeviceListView.swift */ = {isa = PBXFileReference; lastKnownFileType = sourcecode.swift; path = DeviceListView.swift; sourceTree = "<group>"; };
		8BC00B3F2CBAEC3300F46BE6 /* ShoppingDetailView.swift */ = {isa = PBXFileReference; lastKnownFileType = sourcecode.swift; path = ShoppingDetailView.swift; sourceTree = "<group>"; };
		8BC00B402CBAEC3300F46BE6 /* ShoppingListView.swift */ = {isa = PBXFileReference; lastKnownFileType = sourcecode.swift; path = ShoppingListView.swift; sourceTree = "<group>"; };
		8BC00B422CBAEC3300F46BE6 /* StatisticView.swift */ = {isa = PBXFileReference; lastKnownFileType = sourcecode.swift; path = StatisticView.swift; sourceTree = "<group>"; };
		8BC00B442CBAEC3300F46BE6 /* TaskRowView.swift */ = {isa = PBXFileReference; lastKnownFileType = sourcecode.swift; path = TaskRowView.swift; sourceTree = "<group>"; };
		8BC00B452CBAEC3300F46BE6 /* TaskListView.swift */ = {isa = PBXFileReference; lastKnownFileType = sourcecode.swift; path = TaskListView.swift; sourceTree = "<group>"; };
		8BC00B472CBAEC3300F46BE6 /* UserDetailView.swift */ = {isa = PBXFileReference; lastKnownFileType = sourcecode.swift; path = UserDetailView.swift; sourceTree = "<group>"; };
		8BC00B482CBAEC3300F46BE6 /* UserListView.swift */ = {isa = PBXFileReference; lastKnownFileType = sourcecode.swift; path = UserListView.swift; sourceTree = "<group>"; };
		8BC00B6F2CBAF72900F46BE6 /* FirestoreService.swift */ = {isa = PBXFileReference; lastKnownFileType = sourcecode.swift; path = FirestoreService.swift; sourceTree = "<group>"; };
		8BC00BB32CBB088400F46BE6 /* FirebaseAuthService.swift */ = {isa = PBXFileReference; lastKnownFileType = sourcecode.swift; path = FirebaseAuthService.swift; sourceTree = "<group>"; };
/* End PBXFileReference section */

/* Begin PBXFileSystemSynchronizedRootGroup section */
		8BC00AED2CB7EA2100F46BE6 /* EyFamily */ = {
			isa = PBXFileSystemSynchronizedRootGroup;
			path = EyFamily;
			sourceTree = "<group>";
		};
		8BC00B002CB7EA2500F46BE6 /* EyFamilyTests */ = {
			isa = PBXFileSystemSynchronizedRootGroup;
			path = EyFamilyTests;
			sourceTree = "<group>";
		};
		8BC00B0A2CB7EA2500F46BE6 /* EyFamilyUITests */ = {
			isa = PBXFileSystemSynchronizedRootGroup;
			path = EyFamilyUITests;
			sourceTree = "<group>";
		};
/* End PBXFileSystemSynchronizedRootGroup section */

/* Begin PBXFrameworksBuildPhase section */
		8BC00AE82CB7EA2100F46BE6 /* Frameworks */ = {
			isa = PBXFrameworksBuildPhase;
			buildActionMask = 2147483647;
			files = (
				8BC00BB22CBB00AE00F46BE6 /* FirebaseVertexAI-Preview in Frameworks */,
				8BC00B9C2CBB00AE00F46BE6 /* FirebaseFirestoreCombine-Community in Frameworks */,
				8BC00B9E2CBB00AE00F46BE6 /* FirebaseFunctions in Frameworks */,
				8BC00BAA2CBB00AE00F46BE6 /* FirebasePerformance in Frameworks */,
				8BC00BB02CBB00AE00F46BE6 /* FirebaseStorageCombine-Community in Frameworks */,
				8BC00BAC2CBB00AE00F46BE6 /* FirebaseRemoteConfig in Frameworks */,
				8BC00B962CBB00AE00F46BE6 /* FirebaseDatabase in Frameworks */,
				8BC00B982CBB00AE00F46BE6 /* FirebaseDynamicLinks in Frameworks */,
				8BC00B8A2CBB00AD00F46BE6 /* FirebaseAppCheck in Frameworks */,
				8BC00B8E2CBB00AD00F46BE6 /* FirebaseAuth in Frameworks */,
				8BC00B842CBB00AD00F46BE6 /* FirebaseAnalytics in Frameworks */,
				8BC00B9A2CBB00AE00F46BE6 /* FirebaseFirestore in Frameworks */,
				8BC00BA82CBB00AE00F46BE6 /* FirebaseMessaging in Frameworks */,
				8BC00BA42CBB00AE00F46BE6 /* FirebaseInstallations in Frameworks */,
				8BC00BA02CBB00AE00F46BE6 /* FirebaseFunctionsCombine-Community in Frameworks */,
				8BC00B8C2CBB00AD00F46BE6 /* FirebaseAppDistribution-Beta in Frameworks */,
				8BC00B882CBB00AD00F46BE6 /* FirebaseAnalyticsWithoutAdIdSupport in Frameworks */,
				8BC00BA22CBB00AE00F46BE6 /* FirebaseInAppMessaging-Beta in Frameworks */,
				8BC00B902CBB00AD00F46BE6 /* FirebaseAuthCombine-Community in Frameworks */,
				8BC00B942CBB00AE00F46BE6 /* FirebaseCrashlytics in Frameworks */,
				8BC00BA62CBB00AE00F46BE6 /* FirebaseMLModelDownloader in Frameworks */,
				8BC00BAE2CBB00AE00F46BE6 /* FirebaseStorage in Frameworks */,
				8BC00B922CBB00AE00F46BE6 /* FirebaseCore in Frameworks */,
				8BC00B862CBB00AD00F46BE6 /* FirebaseAnalyticsOnDeviceConversion in Frameworks */,
			);
			runOnlyForDeploymentPostprocessing = 0;
		};
		8BC00AFA2CB7EA2500F46BE6 /* Frameworks */ = {
			isa = PBXFrameworksBuildPhase;
			buildActionMask = 2147483647;
			files = (
			);
			runOnlyForDeploymentPostprocessing = 0;
		};
		8BC00B042CB7EA2500F46BE6 /* Frameworks */ = {
			isa = PBXFrameworksBuildPhase;
			buildActionMask = 2147483647;
			files = (
			);
			runOnlyForDeploymentPostprocessing = 0;
		};
/* End PBXFrameworksBuildPhase section */

/* Begin PBXGroup section */
		8BC00AE22CB7EA2100F46BE6 = {
			isa = PBXGroup;
			children = (
				8BC00B202CBAEC3300F46BE6 /* Intents */,
				8BC00B282CBAEC3300F46BE6 /* Models */,
				8BC00B2F2CBAEC3300F46BE6 /* Services */,
				8BC00B312CBAEC3300F46BE6 /* Utils */,
				8BC00B382CBAEC3300F46BE6 /* ViewModels */,
				8BC00B4A2CBAEC3300F46BE6 /* Views */,
				8BC00AED2CB7EA2100F46BE6 /* EyFamily */,
				8BC00B002CB7EA2500F46BE6 /* EyFamilyTests */,
				8BC00B0A2CB7EA2500F46BE6 /* EyFamilyUITests */,
				8BC00AEC2CB7EA2100F46BE6 /* Products */,
			);
			sourceTree = "<group>";
		};
		8BC00AEC2CB7EA2100F46BE6 /* Products */ = {
			isa = PBXGroup;
			children = (
				8BC00AEB2CB7EA2100F46BE6 /* EyFamily.app */,
				8BC00AFD2CB7EA2500F46BE6 /* EyFamilyTests.xctest */,
				8BC00B072CB7EA2500F46BE6 /* EyFamilyUITests.xctest */,
			);
			name = Products;
			sourceTree = "<group>";
		};
		8BC00B202CBAEC3300F46BE6 /* Intents */ = {
			isa = PBXGroup;
			children = (
				8BC00B1E2CBAEC3300F46BE6 /* AddToShoppingListIntentHandler.swift */,
				8BC00B1F2CBAEC3300F46BE6 /* IntentDefinitions.intentdefinition */,
			);
			path = Intents;
			sourceTree = "<group>";
		};
		8BC00B282CBAEC3300F46BE6 /* Models */ = {
			isa = PBXGroup;
			children = (
				8BC00B212CBAEC3300F46BE6 /* CalendarEvent.swift */,
				8BC00B222CBAEC3300F46BE6 /* Device.swift */,
				8BC00B232CBAEC3300F46BE6 /* Enums.swift */,
				8BC00B242CBAEC3300F46BE6 /* ShoppingItem.swift */,
				8BC00B252CBAEC3300F46BE6 /* Statistic.swift */,
				8BC00B262CBAEC3300F46BE6 /* TaskItem.swift */,
				8BC00B272CBAEC3300F46BE6 /* User.swift */,
			);
			path = Models;
			sourceTree = "<group>";
		};
		8BC00B2F2CBAEC3300F46BE6 /* Services */ = {
			isa = PBXGroup;
			children = (
				8BC00BB32CBB088400F46BE6 /* FirebaseAuthService.swift */,
				8BC00B6F2CBAF72900F46BE6 /* FirestoreService.swift */,
				8BC00B292CBAEC3300F46BE6 /* AlexaService.swift */,
				8BC00B2A2CBAEC3300F46BE6 /* CalendarService.swift */,
				8BC00B2B2CBAEC3300F46BE6 /* HomeKitService.swift */,
				8BC00B2C2CBAEC3300F46BE6 /* NotificationService.swift */,
				8BC00B2D2CBAEC3300F46BE6 /* ShoppingService.swift */,
				8BC00B2E2CBAEC3300F46BE6 /* StatisticsService.swift */,
			);
			path = Services;
			sourceTree = "<group>";
		};
		8BC00B312CBAEC3300F46BE6 /* Utils */ = {
			isa = PBXGroup;
			children = (
				8BC00B302CBAEC3300F46BE6 /* DateFormatter.swift */,
			);
			path = Utils;
			sourceTree = "<group>";
		};
		8BC00B382CBAEC3300F46BE6 /* ViewModels */ = {
			isa = PBXGroup;
			children = (
				8BC00B322CBAEC3300F46BE6 /* CalendarViewModel.swift */,
				8BC00B332CBAEC3300F46BE6 /* DeviceViewModel.swift */,
				8BC00B342CBAEC3300F46BE6 /* ShoppingViewModel.swift */,
				8BC00B352CBAEC3300F46BE6 /* StatisticViewModel.swift */,
				8BC00B362CBAEC3300F46BE6 /* TaskViewModel.swift */,
				8BC00B372CBAEC3300F46BE6 /* UserViewModel.swift */,
			);
			path = ViewModels;
			sourceTree = "<group>";
		};
		8BC00B3B2CBAEC3300F46BE6 /* Calendar */ = {
			isa = PBXGroup;
			children = (
				8BC00B392CBAEC3300F46BE6 /* CalendarDetailView.swift */,
				8BC00B3A2CBAEC3300F46BE6 /* CalendarListView.swift */,
			);
			path = Calendar;
			sourceTree = "<group>";
		};
		8BC00B3E2CBAEC3300F46BE6 /* Device */ = {
			isa = PBXGroup;
			children = (
				8BC00B3C2CBAEC3300F46BE6 /* DeviceControlView.swift */,
				8BC00B3D2CBAEC3300F46BE6 /* DeviceListView.swift */,
			);
			path = Device;
			sourceTree = "<group>";
		};
		8BC00B412CBAEC3300F46BE6 /* Shopping */ = {
			isa = PBXGroup;
			children = (
				8BC00B3F2CBAEC3300F46BE6 /* ShoppingDetailView.swift */,
				8BC00B402CBAEC3300F46BE6 /* ShoppingListView.swift */,
			);
			path = Shopping;
			sourceTree = "<group>";
		};
		8BC00B432CBAEC3300F46BE6 /* Statistic */ = {
			isa = PBXGroup;
			children = (
				8BC00B422CBAEC3300F46BE6 /* StatisticView.swift */,
			);
			path = Statistic;
			sourceTree = "<group>";
		};
		8BC00B462CBAEC3300F46BE6 /* Task */ = {
			isa = PBXGroup;
			children = (
				8BC00B442CBAEC3300F46BE6 /* TaskRowView.swift */,
				8BC00B452CBAEC3300F46BE6 /* TaskListView.swift */,
			);
			path = Task;
			sourceTree = "<group>";
		};
		8BC00B492CBAEC3300F46BE6 /* User */ = {
			isa = PBXGroup;
			children = (
				8BC00B472CBAEC3300F46BE6 /* UserDetailView.swift */,
				8BC00B482CBAEC3300F46BE6 /* UserListView.swift */,
			);
			path = User;
			sourceTree = "<group>";
		};
		8BC00B4A2CBAEC3300F46BE6 /* Views */ = {
			isa = PBXGroup;
			children = (
				8BC00B3B2CBAEC3300F46BE6 /* Calendar */,
				8BC00B3E2CBAEC3300F46BE6 /* Device */,
				8BC00B412CBAEC3300F46BE6 /* Shopping */,
				8BC00B432CBAEC3300F46BE6 /* Statistic */,
				8BC00B462CBAEC3300F46BE6 /* Task */,
				8BC00B492CBAEC3300F46BE6 /* User */,
			);
			path = Views;
			sourceTree = "<group>";
		};
/* End PBXGroup section */

/* Begin PBXNativeTarget section */
		8BC00AEA2CB7EA2100F46BE6 /* EyFamily */ = {
			isa = PBXNativeTarget;
			buildConfigurationList = 8BC00B112CB7EA2500F46BE6 /* Build configuration list for PBXNativeTarget "EyFamily" */;
			buildPhases = (
				8BC00AE72CB7EA2100F46BE6 /* Sources */,
				8BC00AE82CB7EA2100F46BE6 /* Frameworks */,
				8BC00AE92CB7EA2100F46BE6 /* Resources */,
			);
			buildRules = (
			);
			dependencies = (
			);
			fileSystemSynchronizedGroups = (
				8BC00AED2CB7EA2100F46BE6 /* EyFamily */,
			);
			name = EyFamily;
			packageProductDependencies = (
				8BC00B832CBB00AD00F46BE6 /* FirebaseAnalytics */,
				8BC00B852CBB00AD00F46BE6 /* FirebaseAnalyticsOnDeviceConversion */,
				8BC00B872CBB00AD00F46BE6 /* FirebaseAnalyticsWithoutAdIdSupport */,
				8BC00B892CBB00AD00F46BE6 /* FirebaseAppCheck */,
				8BC00B8B2CBB00AD00F46BE6 /* FirebaseAppDistribution-Beta */,
				8BC00B8D2CBB00AD00F46BE6 /* FirebaseAuth */,
				8BC00B8F2CBB00AD00F46BE6 /* FirebaseAuthCombine-Community */,
				8BC00B912CBB00AD00F46BE6 /* FirebaseCore */,
				8BC00B932CBB00AE00F46BE6 /* FirebaseCrashlytics */,
				8BC00B952CBB00AE00F46BE6 /* FirebaseDatabase */,
				8BC00B972CBB00AE00F46BE6 /* FirebaseDynamicLinks */,
				8BC00B992CBB00AE00F46BE6 /* FirebaseFirestore */,
				8BC00B9B2CBB00AE00F46BE6 /* FirebaseFirestoreCombine-Community */,
				8BC00B9D2CBB00AE00F46BE6 /* FirebaseFunctions */,
				8BC00B9F2CBB00AE00F46BE6 /* FirebaseFunctionsCombine-Community */,
				8BC00BA12CBB00AE00F46BE6 /* FirebaseInAppMessaging-Beta */,
				8BC00BA32CBB00AE00F46BE6 /* FirebaseInstallations */,
				8BC00BA52CBB00AE00F46BE6 /* FirebaseMLModelDownloader */,
				8BC00BA72CBB00AE00F46BE6 /* FirebaseMessaging */,
				8BC00BA92CBB00AE00F46BE6 /* FirebasePerformance */,
				8BC00BAB2CBB00AE00F46BE6 /* FirebaseRemoteConfig */,
				8BC00BAD2CBB00AE00F46BE6 /* FirebaseStorage */,
				8BC00BAF2CBB00AE00F46BE6 /* FirebaseStorageCombine-Community */,
				8BC00BB12CBB00AE00F46BE6 /* FirebaseVertexAI-Preview */,
			);
			productName = EyFamily;
			productReference = 8BC00AEB2CB7EA2100F46BE6 /* EyFamily.app */;
			productType = "com.apple.product-type.application";
		};
		8BC00AFC2CB7EA2500F46BE6 /* EyFamilyTests */ = {
			isa = PBXNativeTarget;
			buildConfigurationList = 8BC00B142CB7EA2500F46BE6 /* Build configuration list for PBXNativeTarget "EyFamilyTests" */;
			buildPhases = (
				8BC00AF92CB7EA2500F46BE6 /* Sources */,
				8BC00AFA2CB7EA2500F46BE6 /* Frameworks */,
				8BC00AFB2CB7EA2500F46BE6 /* Resources */,
			);
			buildRules = (
			);
			dependencies = (
				8BC00AFF2CB7EA2500F46BE6 /* PBXTargetDependency */,
			);
			fileSystemSynchronizedGroups = (
				8BC00B002CB7EA2500F46BE6 /* EyFamilyTests */,
			);
			name = EyFamilyTests;
			packageProductDependencies = (
			);
			productName = EyFamilyTests;
			productReference = 8BC00AFD2CB7EA2500F46BE6 /* EyFamilyTests.xctest */;
			productType = "com.apple.product-type.bundle.unit-test";
		};
		8BC00B062CB7EA2500F46BE6 /* EyFamilyUITests */ = {
			isa = PBXNativeTarget;
			buildConfigurationList = 8BC00B172CB7EA2500F46BE6 /* Build configuration list for PBXNativeTarget "EyFamilyUITests" */;
			buildPhases = (
				8BC00B032CB7EA2500F46BE6 /* Sources */,
				8BC00B042CB7EA2500F46BE6 /* Frameworks */,
				8BC00B052CB7EA2500F46BE6 /* Resources */,
			);
			buildRules = (
			);
			dependencies = (
				8BC00B092CB7EA2500F46BE6 /* PBXTargetDependency */,
			);
			fileSystemSynchronizedGroups = (
				8BC00B0A2CB7EA2500F46BE6 /* EyFamilyUITests */,
			);
			name = EyFamilyUITests;
			packageProductDependencies = (
			);
			productName = EyFamilyUITests;
			productReference = 8BC00B072CB7EA2500F46BE6 /* EyFamilyUITests.xctest */;
			productType = "com.apple.product-type.bundle.ui-testing";
		};
/* End PBXNativeTarget section */

/* Begin PBXProject section */
		8BC00AE32CB7EA2100F46BE6 /* Project object */ = {
			isa = PBXProject;
			attributes = {
				BuildIndependentTargetsInParallel = 1;
				LastSwiftUpdateCheck = 1600;
				LastUpgradeCheck = 1600;
				TargetAttributes = {
					8BC00AEA2CB7EA2100F46BE6 = {
						CreatedOnToolsVersion = 16.0;
					};
					8BC00AFC2CB7EA2500F46BE6 = {
						CreatedOnToolsVersion = 16.0;
						TestTargetID = 8BC00AEA2CB7EA2100F46BE6;
					};
					8BC00B062CB7EA2500F46BE6 = {
						CreatedOnToolsVersion = 16.0;
						TestTargetID = 8BC00AEA2CB7EA2100F46BE6;
					};
				};
			};
			buildConfigurationList = 8BC00AE62CB7EA2100F46BE6 /* Build configuration list for PBXProject "EyFamily" */;
			developmentRegion = en;
			hasScannedForEncodings = 0;
			knownRegions = (
				en,
				Base,
			);
			mainGroup = 8BC00AE22CB7EA2100F46BE6;
			minimizedProjectReferenceProxies = 1;
			packageReferences = (
				8BC00B712CBAFC4C00F46BE6 /* XCRemoteSwiftPackageReference "firebase-ios-sdk" */,
			);
			preferredProjectObjectVersion = 77;
			productRefGroup = 8BC00AEC2CB7EA2100F46BE6 /* Products */;
			projectDirPath = "";
			projectRoot = "";
			targets = (
				8BC00AEA2CB7EA2100F46BE6 /* EyFamily */,
				8BC00AFC2CB7EA2500F46BE6 /* EyFamilyTests */,
				8BC00B062CB7EA2500F46BE6 /* EyFamilyUITests */,
			);
		};
/* End PBXProject section */

/* Begin PBXResourcesBuildPhase section */
		8BC00AE92CB7EA2100F46BE6 /* Resources */ = {
			isa = PBXResourcesBuildPhase;
			buildActionMask = 2147483647;
			files = (
			);
			runOnlyForDeploymentPostprocessing = 0;
		};
		8BC00AFB2CB7EA2500F46BE6 /* Resources */ = {
			isa = PBXResourcesBuildPhase;
			buildActionMask = 2147483647;
			files = (
			);
			runOnlyForDeploymentPostprocessing = 0;
		};
		8BC00B052CB7EA2500F46BE6 /* Resources */ = {
			isa = PBXResourcesBuildPhase;
			buildActionMask = 2147483647;
			files = (
			);
			runOnlyForDeploymentPostprocessing = 0;
		};
/* End PBXResourcesBuildPhase section */

/* Begin PBXSourcesBuildPhase section */
		8BC00AE72CB7EA2100F46BE6 /* Sources */ = {
			isa = PBXSourcesBuildPhase;
			buildActionMask = 2147483647;
			files = (
				8BC00B4B2CBAEC3300F46BE6 /* Statistic.swift in Sources */,
				8BC00B4C2CBAEC3300F46BE6 /* DeviceViewModel.swift in Sources */,
				8BC00B4D2CBAEC3300F46BE6 /* Enums.swift in Sources */,
				8BC00B4E2CBAEC3300F46BE6 /* AlexaService.swift in Sources */,
				8BC00B4F2CBAEC3300F46BE6 /* DeviceControlView.swift in Sources */,
				8BC00B502CBAEC3300F46BE6 /* TaskItem.swift in Sources */,
				8BC00B512CBAEC3300F46BE6 /* AddToShoppingListIntentHandler.swift in Sources */,
				8BC00B522CBAEC3300F46BE6 /* UserDetailView.swift in Sources */,
				8BC00B532CBAEC3300F46BE6 /* CalendarViewModel.swift in Sources */,
				8BC00B542CBAEC3300F46BE6 /* IntentDefinitions.intentdefinition in Sources */,
				8BC00B562CBAEC3300F46BE6 /* ShoppingViewModel.swift in Sources */,
				8BC00B572CBAEC3300F46BE6 /* ShoppingDetailView.swift in Sources */,
				8BC00B582CBAEC3300F46BE6 /* CalendarDetailView.swift in Sources */,
				8BC00B592CBAEC3300F46BE6 /* StatisticsService.swift in Sources */,
				8BC00B5A2CBAEC3300F46BE6 /* UserListView.swift in Sources */,
				8BC00B5B2CBAEC3300F46BE6 /* StatisticView.swift in Sources */,
				8BC00B5C2CBAEC3300F46BE6 /* Device.swift in Sources */,
				8BC00BB42CBB088600F46BE6 /* FirebaseAuthService.swift in Sources */,
				8BC00B702CBAF72F00F46BE6 /* FirestoreService.swift in Sources */,
				8BC00B5E2CBAEC3300F46BE6 /* ShoppingItem.swift in Sources */,
				8BC00B5F2CBAEC3300F46BE6 /* TaskViewModel.swift in Sources */,
				8BC00B602CBAEC3300F46BE6 /* TaskRowView.swift in Sources */,
				8BC00B612CBAEC3300F46BE6 /* StatisticViewModel.swift in Sources */,
				8BC00B622CBAEC3300F46BE6 /* CalendarService.swift in Sources */,
				8BC00B632CBAEC3300F46BE6 /* NotificationService.swift in Sources */,
				8BC00B642CBAEC3300F46BE6 /* ShoppingListView.swift in Sources */,
				8BC00B652CBAEC3300F46BE6 /* UserViewModel.swift in Sources */,
				8BC00B662CBAEC3300F46BE6 /* DateFormatter.swift in Sources */,
				8BC00B672CBAEC3300F46BE6 /* CalendarListView.swift in Sources */,
				8BC00B682CBAEC3300F46BE6 /* TaskListView.swift in Sources */,
				8BC00B692CBAEC3300F46BE6 /* HomeKitService.swift in Sources */,
				8BC00B6A2CBAEC3300F46BE6 /* DeviceListView.swift in Sources */,
				8BC00B6B2CBAEC3300F46BE6 /* User.swift in Sources */,
				8BC00B6D2CBAEC3300F46BE6 /* ShoppingService.swift in Sources */,
				8BC00B6E2CBAEC3300F46BE6 /* CalendarEvent.swift in Sources */,
			);
			runOnlyForDeploymentPostprocessing = 0;
		};
		8BC00AF92CB7EA2500F46BE6 /* Sources */ = {
			isa = PBXSourcesBuildPhase;
			buildActionMask = 2147483647;
			files = (
			);
			runOnlyForDeploymentPostprocessing = 0;
		};
		8BC00B032CB7EA2500F46BE6 /* Sources */ = {
			isa = PBXSourcesBuildPhase;
			buildActionMask = 2147483647;
			files = (
			);
			runOnlyForDeploymentPostprocessing = 0;
		};
/* End PBXSourcesBuildPhase section */

/* Begin PBXTargetDependency section */
		8BC00AFF2CB7EA2500F46BE6 /* PBXTargetDependency */ = {
			isa = PBXTargetDependency;
			target = 8BC00AEA2CB7EA2100F46BE6 /* EyFamily */;
			targetProxy = 8BC00AFE2CB7EA2500F46BE6 /* PBXContainerItemProxy */;
		};
		8BC00B092CB7EA2500F46BE6 /* PBXTargetDependency */ = {
			isa = PBXTargetDependency;
			target = 8BC00AEA2CB7EA2100F46BE6 /* EyFamily */;
			targetProxy = 8BC00B082CB7EA2500F46BE6 /* PBXContainerItemProxy */;
		};
/* End PBXTargetDependency section */

/* Begin XCBuildConfiguration section */
		8BC00B0F2CB7EA2500F46BE6 /* Debug */ = {
			isa = XCBuildConfiguration;
			buildSettings = {
				ALWAYS_SEARCH_USER_PATHS = NO;
				ASSETCATALOG_COMPILER_GENERATE_SWIFT_ASSET_SYMBOL_EXTENSIONS = YES;
				CLANG_ANALYZER_NONNULL = YES;
				CLANG_ANALYZER_NUMBER_OBJECT_CONVERSION = YES_AGGRESSIVE;
				CLANG_CXX_LANGUAGE_STANDARD = "gnu++20";
				CLANG_ENABLE_MODULES = YES;
				CLANG_ENABLE_OBJC_ARC = YES;
				CLANG_ENABLE_OBJC_WEAK = YES;
				CLANG_WARN_BLOCK_CAPTURE_AUTORELEASING = YES;
				CLANG_WARN_BOOL_CONVERSION = YES;
				CLANG_WARN_COMMA = YES;
				CLANG_WARN_CONSTANT_CONVERSION = YES;
				CLANG_WARN_DEPRECATED_OBJC_IMPLEMENTATIONS = YES;
				CLANG_WARN_DIRECT_OBJC_ISA_USAGE = YES_ERROR;
				CLANG_WARN_DOCUMENTATION_COMMENTS = YES;
				CLANG_WARN_EMPTY_BODY = YES;
				CLANG_WARN_ENUM_CONVERSION = YES;
				CLANG_WARN_INFINITE_RECURSION = YES;
				CLANG_WARN_INT_CONVERSION = YES;
				CLANG_WARN_NON_LITERAL_NULL_CONVERSION = YES;
				CLANG_WARN_OBJC_IMPLICIT_RETAIN_SELF = YES;
				CLANG_WARN_OBJC_LITERAL_CONVERSION = YES;
				CLANG_WARN_OBJC_ROOT_CLASS = YES_ERROR;
				CLANG_WARN_QUOTED_INCLUDE_IN_FRAMEWORK_HEADER = YES;
				CLANG_WARN_RANGE_LOOP_ANALYSIS = YES;
				CLANG_WARN_STRICT_PROTOTYPES = YES;
				CLANG_WARN_SUSPICIOUS_MOVE = YES;
				CLANG_WARN_UNGUARDED_AVAILABILITY = YES_AGGRESSIVE;
				CLANG_WARN_UNREACHABLE_CODE = YES;
				CLANG_WARN__DUPLICATE_METHOD_MATCH = YES;
				COPY_PHASE_STRIP = NO;
				DEBUG_INFORMATION_FORMAT = dwarf;
				ENABLE_STRICT_OBJC_MSGSEND = YES;
				ENABLE_TESTABILITY = YES;
				ENABLE_USER_SCRIPT_SANDBOXING = YES;
				GCC_C_LANGUAGE_STANDARD = gnu17;
				GCC_DYNAMIC_NO_PIC = NO;
				GCC_NO_COMMON_BLOCKS = YES;
				GCC_OPTIMIZATION_LEVEL = 0;
				GCC_PREPROCESSOR_DEFINITIONS = (
					"DEBUG=1",
					"$(inherited)",
				);
				GCC_WARN_64_TO_32_BIT_CONVERSION = YES;
				GCC_WARN_ABOUT_RETURN_TYPE = YES_ERROR;
				GCC_WARN_UNDECLARED_SELECTOR = YES;
				GCC_WARN_UNINITIALIZED_AUTOS = YES_AGGRESSIVE;
				GCC_WARN_UNUSED_FUNCTION = YES;
				GCC_WARN_UNUSED_VARIABLE = YES;
				IPHONEOS_DEPLOYMENT_TARGET = 18.0;
				LOCALIZATION_PREFERS_STRING_CATALOGS = YES;
				MTL_ENABLE_DEBUG_INFO = INCLUDE_SOURCE;
				MTL_FAST_MATH = YES;
				ONLY_ACTIVE_ARCH = YES;
				SDKROOT = iphoneos;
				SWIFT_ACTIVE_COMPILATION_CONDITIONS = "DEBUG $(inherited)";
				SWIFT_OPTIMIZATION_LEVEL = "-Onone";
			};
			name = Debug;
		};
		8BC00B102CB7EA2500F46BE6 /* Release */ = {
			isa = XCBuildConfiguration;
			buildSettings = {
				ALWAYS_SEARCH_USER_PATHS = NO;
				ASSETCATALOG_COMPILER_GENERATE_SWIFT_ASSET_SYMBOL_EXTENSIONS = YES;
				CLANG_ANALYZER_NONNULL = YES;
				CLANG_ANALYZER_NUMBER_OBJECT_CONVERSION = YES_AGGRESSIVE;
				CLANG_CXX_LANGUAGE_STANDARD = "gnu++20";
				CLANG_ENABLE_MODULES = YES;
				CLANG_ENABLE_OBJC_ARC = YES;
				CLANG_ENABLE_OBJC_WEAK = YES;
				CLANG_WARN_BLOCK_CAPTURE_AUTORELEASING = YES;
				CLANG_WARN_BOOL_CONVERSION = YES;
				CLANG_WARN_COMMA = YES;
				CLANG_WARN_CONSTANT_CONVERSION = YES;
				CLANG_WARN_DEPRECATED_OBJC_IMPLEMENTATIONS = YES;
				CLANG_WARN_DIRECT_OBJC_ISA_USAGE = YES_ERROR;
				CLANG_WARN_DOCUMENTATION_COMMENTS = YES;
				CLANG_WARN_EMPTY_BODY = YES;
				CLANG_WARN_ENUM_CONVERSION = YES;
				CLANG_WARN_INFINITE_RECURSION = YES;
				CLANG_WARN_INT_CONVERSION = YES;
				CLANG_WARN_NON_LITERAL_NULL_CONVERSION = YES;
				CLANG_WARN_OBJC_IMPLICIT_RETAIN_SELF = YES;
				CLANG_WARN_OBJC_LITERAL_CONVERSION = YES;
				CLANG_WARN_OBJC_ROOT_CLASS = YES_ERROR;
				CLANG_WARN_QUOTED_INCLUDE_IN_FRAMEWORK_HEADER = YES;
				CLANG_WARN_RANGE_LOOP_ANALYSIS = YES;
				CLANG_WARN_STRICT_PROTOTYPES = YES;
				CLANG_WARN_SUSPICIOUS_MOVE = YES;
				CLANG_WARN_UNGUARDED_AVAILABILITY = YES_AGGRESSIVE;
				CLANG_WARN_UNREACHABLE_CODE = YES;
				CLANG_WARN__DUPLICATE_METHOD_MATCH = YES;
				COPY_PHASE_STRIP = NO;
				DEBUG_INFORMATION_FORMAT = "dwarf-with-dsym";
				ENABLE_NS_ASSERTIONS = NO;
				ENABLE_STRICT_OBJC_MSGSEND = YES;
				ENABLE_USER_SCRIPT_SANDBOXING = YES;
				GCC_C_LANGUAGE_STANDARD = gnu17;
				GCC_NO_COMMON_BLOCKS = YES;
				GCC_WARN_64_TO_32_BIT_CONVERSION = YES;
				GCC_WARN_ABOUT_RETURN_TYPE = YES_ERROR;
				GCC_WARN_UNDECLARED_SELECTOR = YES;
				GCC_WARN_UNINITIALIZED_AUTOS = YES_AGGRESSIVE;
				GCC_WARN_UNUSED_FUNCTION = YES;
				GCC_WARN_UNUSED_VARIABLE = YES;
				IPHONEOS_DEPLOYMENT_TARGET = 18.0;
				LOCALIZATION_PREFERS_STRING_CATALOGS = YES;
				MTL_ENABLE_DEBUG_INFO = NO;
				MTL_FAST_MATH = YES;
				SDKROOT = iphoneos;
				SWIFT_COMPILATION_MODE = wholemodule;
				VALIDATE_PRODUCT = YES;
			};
			name = Release;
		};
		8BC00B122CB7EA2500F46BE6 /* Debug */ = {
			isa = XCBuildConfiguration;
			buildSettings = {
				ASSETCATALOG_COMPILER_APPICON_NAME = AppIcon;
				ASSETCATALOG_COMPILER_GLOBAL_ACCENT_COLOR_NAME = AccentColor;
				CODE_SIGN_IDENTITY = "Apple Development";
				CODE_SIGN_STYLE = Automatic;
				CURRENT_PROJECT_VERSION = 1;
				DEVELOPMENT_ASSET_PATHS = "\"EyFamily/Preview Content\"";
				DEVELOPMENT_TEAM = CSQ565C7YY;
				ENABLE_PREVIEWS = YES;
				GENERATE_INFOPLIST_FILE = YES;
				INFOPLIST_KEY_LSApplicationCategoryType = "public.app-category.education";
				INFOPLIST_KEY_UIApplicationSceneManifest_Generation = YES;
				INFOPLIST_KEY_UIApplicationSupportsIndirectInputEvents = YES;
				INFOPLIST_KEY_UILaunchScreen_Generation = YES;
				INFOPLIST_KEY_UISupportedInterfaceOrientations = "UIInterfaceOrientationLandscapeLeft UIInterfaceOrientationLandscapeRight UIInterfaceOrientationPortrait";
				INFOPLIST_KEY_UISupportedInterfaceOrientations_iPad = "UIInterfaceOrientationPortrait UIInterfaceOrientationPortraitUpsideDown";
				LD_RUNPATH_SEARCH_PATHS = (
					"$(inherited)",
					"@executable_path/Frameworks",
				);
				MARKETING_VERSION = 1.0;
				PRODUCT_BUNDLE_IDENTIFIER = jonathanlemaine.EyFamilly;
				PRODUCT_NAME = "$(TARGET_NAME)";
				PROVISIONING_PROFILE_SPECIFIER = "";
				SUPPORTED_PLATFORMS = "iphoneos iphonesimulator";
				SUPPORTS_MACCATALYST = NO;
				SUPPORTS_MAC_DESIGNED_FOR_IPHONE_IPAD = NO;
				SUPPORTS_XR_DESIGNED_FOR_IPHONE_IPAD = NO;
				SWIFT_EMIT_LOC_STRINGS = YES;
				SWIFT_VERSION = 5.0;
				TARGETED_DEVICE_FAMILY = "1,2";
			};
			name = Debug;
		};
		8BC00B132CB7EA2500F46BE6 /* Release */ = {
			isa = XCBuildConfiguration;
			buildSettings = {
				ASSETCATALOG_COMPILER_APPICON_NAME = AppIcon;
				ASSETCATALOG_COMPILER_GLOBAL_ACCENT_COLOR_NAME = AccentColor;
				CODE_SIGN_IDENTITY = "Apple Development";
				CODE_SIGN_STYLE = Automatic;
				CURRENT_PROJECT_VERSION = 1;
				DEVELOPMENT_ASSET_PATHS = "\"EyFamily/Preview Content\"";
				DEVELOPMENT_TEAM = CSQ565C7YY;
				ENABLE_PREVIEWS = YES;
				GENERATE_INFOPLIST_FILE = YES;
				INFOPLIST_KEY_LSApplicationCategoryType = "public.app-category.education";
				INFOPLIST_KEY_UIApplicationSceneManifest_Generation = YES;
				INFOPLIST_KEY_UIApplicationSupportsIndirectInputEvents = YES;
				INFOPLIST_KEY_UILaunchScreen_Generation = YES;
				INFOPLIST_KEY_UISupportedInterfaceOrientations = "UIInterfaceOrientationLandscapeLeft UIInterfaceOrientationLandscapeRight UIInterfaceOrientationPortrait";
				INFOPLIST_KEY_UISupportedInterfaceOrientations_iPad = "UIInterfaceOrientationPortrait UIInterfaceOrientationPortraitUpsideDown";
				LD_RUNPATH_SEARCH_PATHS = (
					"$(inherited)",
					"@executable_path/Frameworks",
				);
				MARKETING_VERSION = 1.0;
				PRODUCT_BUNDLE_IDENTIFIER = jonathanlemaine.EyFamilly;
				PRODUCT_NAME = "$(TARGET_NAME)";
				PROVISIONING_PROFILE_SPECIFIER = "";
				SUPPORTED_PLATFORMS = "iphoneos iphonesimulator";
				SUPPORTS_MACCATALYST = NO;
				SUPPORTS_MAC_DESIGNED_FOR_IPHONE_IPAD = NO;
				SUPPORTS_XR_DESIGNED_FOR_IPHONE_IPAD = NO;
				SWIFT_EMIT_LOC_STRINGS = YES;
				SWIFT_VERSION = 5.0;
				TARGETED_DEVICE_FAMILY = "1,2";
			};
			name = Release;
		};
		8BC00B152CB7EA2500F46BE6 /* Debug */ = {
			isa = XCBuildConfiguration;
			buildSettings = {
				BUNDLE_LOADER = "$(TEST_HOST)";
				CODE_SIGN_STYLE = Automatic;
				CURRENT_PROJECT_VERSION = 1;
				DEVELOPMENT_TEAM = RTW3CD675A;
				GENERATE_INFOPLIST_FILE = YES;
				IPHONEOS_DEPLOYMENT_TARGET = 18.0;
				MARKETING_VERSION = 1.0;
				PRODUCT_BUNDLE_IDENTIFIER = jonathanlemaine.EyFamilyTests;
				PRODUCT_NAME = "$(TARGET_NAME)";
				SWIFT_EMIT_LOC_STRINGS = NO;
				SWIFT_VERSION = 5.0;
				TARGETED_DEVICE_FAMILY = "1,2";
				TEST_HOST = "$(BUILT_PRODUCTS_DIR)/EyFamily.app/$(BUNDLE_EXECUTABLE_FOLDER_PATH)/EyFamily";
			};
			name = Debug;
		};
		8BC00B162CB7EA2500F46BE6 /* Release */ = {
			isa = XCBuildConfiguration;
			buildSettings = {
				BUNDLE_LOADER = "$(TEST_HOST)";
				CODE_SIGN_STYLE = Automatic;
				CURRENT_PROJECT_VERSION = 1;
				DEVELOPMENT_TEAM = RTW3CD675A;
				GENERATE_INFOPLIST_FILE = YES;
				IPHONEOS_DEPLOYMENT_TARGET = 18.0;
				MARKETING_VERSION = 1.0;
				PRODUCT_BUNDLE_IDENTIFIER = jonathanlemaine.EyFamilyTests;
				PRODUCT_NAME = "$(TARGET_NAME)";
				SWIFT_EMIT_LOC_STRINGS = NO;
				SWIFT_VERSION = 5.0;
				TARGETED_DEVICE_FAMILY = "1,2";
				TEST_HOST = "$(BUILT_PRODUCTS_DIR)/EyFamily.app/$(BUNDLE_EXECUTABLE_FOLDER_PATH)/EyFamily";
			};
			name = Release;
		};
		8BC00B182CB7EA2500F46BE6 /* Debug */ = {
			isa = XCBuildConfiguration;
			buildSettings = {
				CODE_SIGN_STYLE = Automatic;
				CURRENT_PROJECT_VERSION = 1;
				DEVELOPMENT_TEAM = RTW3CD675A;
				GENERATE_INFOPLIST_FILE = YES;
				MARKETING_VERSION = 1.0;
				PRODUCT_BUNDLE_IDENTIFIER = jonathanlemaine.EyFamilyUITests;
				PRODUCT_NAME = "$(TARGET_NAME)";
				SWIFT_EMIT_LOC_STRINGS = NO;
				SWIFT_VERSION = 5.0;
				TARGETED_DEVICE_FAMILY = "1,2";
				TEST_TARGET_NAME = EyFamily;
			};
			name = Debug;
		};
		8BC00B192CB7EA2500F46BE6 /* Release */ = {
			isa = XCBuildConfiguration;
			buildSettings = {
				CODE_SIGN_STYLE = Automatic;
				CURRENT_PROJECT_VERSION = 1;
				DEVELOPMENT_TEAM = RTW3CD675A;
				GENERATE_INFOPLIST_FILE = YES;
				MARKETING_VERSION = 1.0;
				PRODUCT_BUNDLE_IDENTIFIER = jonathanlemaine.EyFamilyUITests;
				PRODUCT_NAME = "$(TARGET_NAME)";
				SWIFT_EMIT_LOC_STRINGS = NO;
				SWIFT_VERSION = 5.0;
				TARGETED_DEVICE_FAMILY = "1,2";
				TEST_TARGET_NAME = EyFamily;
			};
			name = Release;
		};
/* End XCBuildConfiguration section */

/* Begin XCConfigurationList section */
		8BC00AE62CB7EA2100F46BE6 /* Build configuration list for PBXProject "EyFamily" */ = {
			isa = XCConfigurationList;
			buildConfigurations = (
				8BC00B0F2CB7EA2500F46BE6 /* Debug */,
				8BC00B102CB7EA2500F46BE6 /* Release */,
			);
			defaultConfigurationIsVisible = 0;
			defaultConfigurationName = Release;
		};
		8BC00B112CB7EA2500F46BE6 /* Build configuration list for PBXNativeTarget "EyFamily" */ = {
			isa = XCConfigurationList;
			buildConfigurations = (
				8BC00B122CB7EA2500F46BE6 /* Debug */,
				8BC00B132CB7EA2500F46BE6 /* Release */,
			);
			defaultConfigurationIsVisible = 0;
			defaultConfigurationName = Release;
		};
		8BC00B142CB7EA2500F46BE6 /* Build configuration list for PBXNativeTarget "EyFamilyTests" */ = {
			isa = XCConfigurationList;
			buildConfigurations = (
				8BC00B152CB7EA2500F46BE6 /* Debug */,
				8BC00B162CB7EA2500F46BE6 /* Release */,
			);
			defaultConfigurationIsVisible = 0;
			defaultConfigurationName = Release;
		};
		8BC00B172CB7EA2500F46BE6 /* Build configuration list for PBXNativeTarget "EyFamilyUITests" */ = {
			isa = XCConfigurationList;
			buildConfigurations = (
				8BC00B182CB7EA2500F46BE6 /* Debug */,
				8BC00B192CB7EA2500F46BE6 /* Release */,
			);
			defaultConfigurationIsVisible = 0;
			defaultConfigurationName = Release;
		};
/* End XCConfigurationList section */

/* Begin XCRemoteSwiftPackageReference section */
		8BC00B712CBAFC4C00F46BE6 /* XCRemoteSwiftPackageReference "firebase-ios-sdk" */ = {
			isa = XCRemoteSwiftPackageReference;
			repositoryURL = "https://github.com/firebase/firebase-ios-sdk";
			requirement = {
				kind = upToNextMajorVersion;
				minimumVersion = 11.3.0;
			};
		};
/* End XCRemoteSwiftPackageReference section */

/* Begin XCSwiftPackageProductDependency section */
		8BC00B832CBB00AD00F46BE6 /* FirebaseAnalytics */ = {
			isa = XCSwiftPackageProductDependency;
			package = 8BC00B712CBAFC4C00F46BE6 /* XCRemoteSwiftPackageReference "firebase-ios-sdk" */;
			productName = FirebaseAnalytics;
		};
		8BC00B852CBB00AD00F46BE6 /* FirebaseAnalyticsOnDeviceConversion */ = {
			isa = XCSwiftPackageProductDependency;
			package = 8BC00B712CBAFC4C00F46BE6 /* XCRemoteSwiftPackageReference "firebase-ios-sdk" */;
			productName = FirebaseAnalyticsOnDeviceConversion;
		};
		8BC00B872CBB00AD00F46BE6 /* FirebaseAnalyticsWithoutAdIdSupport */ = {
			isa = XCSwiftPackageProductDependency;
			package = 8BC00B712CBAFC4C00F46BE6 /* XCRemoteSwiftPackageReference "firebase-ios-sdk" */;
			productName = FirebaseAnalyticsWithoutAdIdSupport;
		};
		8BC00B892CBB00AD00F46BE6 /* FirebaseAppCheck */ = {
			isa = XCSwiftPackageProductDependency;
			package = 8BC00B712CBAFC4C00F46BE6 /* XCRemoteSwiftPackageReference "firebase-ios-sdk" */;
			productName = FirebaseAppCheck;
		};
		8BC00B8B2CBB00AD00F46BE6 /* FirebaseAppDistribution-Beta */ = {
			isa = XCSwiftPackageProductDependency;
			package = 8BC00B712CBAFC4C00F46BE6 /* XCRemoteSwiftPackageReference "firebase-ios-sdk" */;
			productName = "FirebaseAppDistribution-Beta";
		};
		8BC00B8D2CBB00AD00F46BE6 /* FirebaseAuth */ = {
			isa = XCSwiftPackageProductDependency;
			package = 8BC00B712CBAFC4C00F46BE6 /* XCRemoteSwiftPackageReference "firebase-ios-sdk" */;
			productName = FirebaseAuth;
		};
		8BC00B8F2CBB00AD00F46BE6 /* FirebaseAuthCombine-Community */ = {
			isa = XCSwiftPackageProductDependency;
			package = 8BC00B712CBAFC4C00F46BE6 /* XCRemoteSwiftPackageReference "firebase-ios-sdk" */;
			productName = "FirebaseAuthCombine-Community";
		};
		8BC00B912CBB00AD00F46BE6 /* FirebaseCore */ = {
			isa = XCSwiftPackageProductDependency;
			package = 8BC00B712CBAFC4C00F46BE6 /* XCRemoteSwiftPackageReference "firebase-ios-sdk" */;
			productName = FirebaseCore;
		};
		8BC00B932CBB00AE00F46BE6 /* FirebaseCrashlytics */ = {
			isa = XCSwiftPackageProductDependency;
			package = 8BC00B712CBAFC4C00F46BE6 /* XCRemoteSwiftPackageReference "firebase-ios-sdk" */;
			productName = FirebaseCrashlytics;
		};
		8BC00B952CBB00AE00F46BE6 /* FirebaseDatabase */ = {
			isa = XCSwiftPackageProductDependency;
			package = 8BC00B712CBAFC4C00F46BE6 /* XCRemoteSwiftPackageReference "firebase-ios-sdk" */;
			productName = FirebaseDatabase;
		};
		8BC00B972CBB00AE00F46BE6 /* FirebaseDynamicLinks */ = {
			isa = XCSwiftPackageProductDependency;
			package = 8BC00B712CBAFC4C00F46BE6 /* XCRemoteSwiftPackageReference "firebase-ios-sdk" */;
			productName = FirebaseDynamicLinks;
		};
		8BC00B992CBB00AE00F46BE6 /* FirebaseFirestore */ = {
			isa = XCSwiftPackageProductDependency;
			package = 8BC00B712CBAFC4C00F46BE6 /* XCRemoteSwiftPackageReference "firebase-ios-sdk" */;
			productName = FirebaseFirestore;
		};
		8BC00B9B2CBB00AE00F46BE6 /* FirebaseFirestoreCombine-Community */ = {
			isa = XCSwiftPackageProductDependency;
			package = 8BC00B712CBAFC4C00F46BE6 /* XCRemoteSwiftPackageReference "firebase-ios-sdk" */;
			productName = "FirebaseFirestoreCombine-Community";
		};
		8BC00B9D2CBB00AE00F46BE6 /* FirebaseFunctions */ = {
			isa = XCSwiftPackageProductDependency;
			package = 8BC00B712CBAFC4C00F46BE6 /* XCRemoteSwiftPackageReference "firebase-ios-sdk" */;
			productName = FirebaseFunctions;
		};
		8BC00B9F2CBB00AE00F46BE6 /* FirebaseFunctionsCombine-Community */ = {
			isa = XCSwiftPackageProductDependency;
			package = 8BC00B712CBAFC4C00F46BE6 /* XCRemoteSwiftPackageReference "firebase-ios-sdk" */;
			productName = "FirebaseFunctionsCombine-Community";
		};
		8BC00BA12CBB00AE00F46BE6 /* FirebaseInAppMessaging-Beta */ = {
			isa = XCSwiftPackageProductDependency;
			package = 8BC00B712CBAFC4C00F46BE6 /* XCRemoteSwiftPackageReference "firebase-ios-sdk" */;
			productName = "FirebaseInAppMessaging-Beta";
		};
		8BC00BA32CBB00AE00F46BE6 /* FirebaseInstallations */ = {
			isa = XCSwiftPackageProductDependency;
			package = 8BC00B712CBAFC4C00F46BE6 /* XCRemoteSwiftPackageReference "firebase-ios-sdk" */;
			productName = FirebaseInstallations;
		};
		8BC00BA52CBB00AE00F46BE6 /* FirebaseMLModelDownloader */ = {
			isa = XCSwiftPackageProductDependency;
			package = 8BC00B712CBAFC4C00F46BE6 /* XCRemoteSwiftPackageReference "firebase-ios-sdk" */;
			productName = FirebaseMLModelDownloader;
		};
		8BC00BA72CBB00AE00F46BE6 /* FirebaseMessaging */ = {
			isa = XCSwiftPackageProductDependency;
			package = 8BC00B712CBAFC4C00F46BE6 /* XCRemoteSwiftPackageReference "firebase-ios-sdk" */;
			productName = FirebaseMessaging;
		};
		8BC00BA92CBB00AE00F46BE6 /* FirebasePerformance */ = {
			isa = XCSwiftPackageProductDependency;
			package = 8BC00B712CBAFC4C00F46BE6 /* XCRemoteSwiftPackageReference "firebase-ios-sdk" */;
			productName = FirebasePerformance;
		};
		8BC00BAB2CBB00AE00F46BE6 /* FirebaseRemoteConfig */ = {
			isa = XCSwiftPackageProductDependency;
			package = 8BC00B712CBAFC4C00F46BE6 /* XCRemoteSwiftPackageReference "firebase-ios-sdk" */;
			productName = FirebaseRemoteConfig;
		};
		8BC00BAD2CBB00AE00F46BE6 /* FirebaseStorage */ = {
			isa = XCSwiftPackageProductDependency;
			package = 8BC00B712CBAFC4C00F46BE6 /* XCRemoteSwiftPackageReference "firebase-ios-sdk" */;
			productName = FirebaseStorage;
		};
		8BC00BAF2CBB00AE00F46BE6 /* FirebaseStorageCombine-Community */ = {
			isa = XCSwiftPackageProductDependency;
			package = 8BC00B712CBAFC4C00F46BE6 /* XCRemoteSwiftPackageReference "firebase-ios-sdk" */;
			productName = "FirebaseStorageCombine-Community";
		};
		8BC00BB12CBB00AE00F46BE6 /* FirebaseVertexAI-Preview */ = {
			isa = XCSwiftPackageProductDependency;
			package = 8BC00B712CBAFC4C00F46BE6 /* XCRemoteSwiftPackageReference "firebase-ios-sdk" */;
			productName = "FirebaseVertexAI-Preview";
		};
/* End XCSwiftPackageProductDependency section */
	};
	rootObject = 8BC00AE32CB7EA2100F46BE6 /* Project object */;
}
